
Microsoft Visual Studio Solution File, Format Version 12.00
# Visual Studio Version 16
VisualStudioVersion = 16.0.31205.134
MinimumVisualStudioVersion = 10.0.40219.1
Project("{FAE04EC0-301F-11D3-BF4B-00C04F79EFBC}") = "DotNetTeste", "DotNetTeste\DotNetTeste.csproj", "{02C95AEB-8AB7-4BBF-9B8F-E585B5482C07}"
EndProject
Project("{FAE04EC0-301F-11D3-BF4B-00C04F79EFBC}") = "Business", "Business\Business.csproj", "{04E236C0-5F56-44C9-813B-F81EA73F5ED8}"
EndProject
Project("{FAE04EC0-301F-11D3-BF4B-00C04F79EFBC}") = "WebAPI", "WebAPI\WebAPI.csproj", "{6A281908-F730-497B-84F7-5E8B03C21B8A}"
EndProject
Global
	GlobalSection(SolutionConfigurationPlatforms) = preSolution
		Debug|Any CPU = Debug|Any CPU
		Release|Any CPU = Release|Any CPU
	EndGlobalSection
	GlobalSection(ProjectConfigurationPlatforms) = postSolution
		{02C95AEB-8AB7-4BBF-9B8F-E585B5482C07}.Debug|Any CPU.ActiveCfg = Debug|Any CPU
		{02C95AEB-8AB7-4BBF-9B8F-E585B5482C07}.Debug|Any CPU.Build.0 = Debug|Any CPU
		{02C95AEB-8AB7-4BBF-9B8F-E585B5482C07}.Release|Any CPU.ActiveCfg = Release|Any CPU
		{02C95AEB-8AB7-4BBF-9B8F-E585B5482C07}.Release|Any CPU.Build.0 = Release|Any CPU
		{04E236C0-5F56-44C9-813B-F81EA73F5ED8}.Debug|Any CPU.ActiveCfg = Debug|Any CPU
		{04E236C0-5F56-44C9-813B-F81EA73F5ED8}.Debug|Any CPU.Build.0 = Debug|Any CPU
		{04E236C0-5F56-44C9-813B-F81EA73F5ED8}.Release|Any CPU.ActiveCfg = Release|Any CPU
		{04E236C0-5F56-44C9-813B-F81EA73F5ED8}.Release|Any CPU.Build.0 = Release|Any CPU
		{6A281908-F730-497B-84F7-5E8B03C21B8A}.Debug|Any CPU.ActiveCfg = Debug|Any CPU
		{6A281908-F730-497B-84F7-5E8B03C21B8A}.Debug|Any CPU.Build.0 = Debug|Any CPU
		{6A281908-F730-497B-84F7-5E8B03C21B8A}.Release|Any CPU.ActiveCfg = Release|Any CPU
		{6A281908-F730-497B-84F7-5E8B03C21B8A}.Release|Any CPU.Build.0 = Release|Any CPU
	EndGlobalSection
	GlobalSection(SolutionProperties) = preSolution
		HideSolutionNode = FALSE
	EndGlobalSection
	GlobalSection(ExtensibilityGlobals) = postSolution
		SolutionGuid = {65EEE53A-CDFC-40B0-B776-92B7F0EAAC77}
	EndGlobalSection
EndGlobal
